// !$*UTF8*$!
{
	archiveVersion = 1;
	classes = {
	};
	objectVersion = 50;
	objects = {

/* Begin PBXBuildFile section */
		641E4B1720A9ABCB0007EA96 /* AppDelegate.m in Sources */ = {isa = PBXBuildFile; fileRef = 641E4B1620A9ABCB0007EA96 /* AppDelegate.m */; };
		641E4B1A20A9ABCB0007EA96 /* ViewController.m in Sources */ = {isa = PBXBuildFile; fileRef = 641E4B1920A9ABCB0007EA96 /* ViewController.m */; };
		641E4B1D20A9ABCB0007EA96 /* Main.storyboard in Resources */ = {isa = PBXBuildFile; fileRef = 641E4B1B20A9ABCB0007EA96 /* Main.storyboard */; };
		641E4B1F20A9ABCB0007EA96 /* Assets.xcassets in Resources */ = {isa = PBXBuildFile; fileRef = 641E4B1E20A9ABCB0007EA96 /* Assets.xcassets */; };
		641E4B2220A9ABCB0007EA96 /* LaunchScreen.storyboard in Resources */ = {isa = PBXBuildFile; fileRef = 641E4B2020A9ABCB0007EA96 /* LaunchScreen.storyboard */; };
		641E4B2520A9ABCC0007EA96 /* main.m in Sources */ = {isa = PBXBuildFile; fileRef = 641E4B2420A9ABCC0007EA96 /* main.m */; };
		641E4B2E20A9AC700007EA96 /* MTIconFontManager.m in Sources */ = {isa = PBXBuildFile; fileRef = 641E4B2D20A9AC700007EA96 /* MTIconFontManager.m */; };
		641E4B3020A9B6FF0007EA96 /* iconfont.ttf in Resources */ = {isa = PBXBuildFile; fileRef = 641E4B2F20A9B6700007EA96 /* iconfont.ttf */; };
		641E4B3320AA6D690007EA96 /* UIImage+MTIconFont.m in Sources */ = {isa = PBXBuildFile; fileRef = 641E4B3220AA6D690007EA96 /* UIImage+MTIconFont.m */; };
		641E4B3620AAB1FB0007EA96 /* iconfont.plist in Resources */ = {isa = PBXBuildFile; fileRef = 641E4B3520AAB1FB0007EA96 /* iconfont.plist */; };
/* End PBXBuildFile section */

/* Begin PBXFileReference section */
		641E4B1220A9ABCB0007EA96 /* MTIconFont.app */ = {isa = PBXFileReference; explicitFileType = wrapper.application; includeInIndex = 0; path = MTIconFont.app; sourceTree = BUILT_PRODUCTS_DIR; };
		641E4B1520A9ABCB0007EA96 /* AppDelegate.h */ = {isa = PBXFileReference; lastKnownFileType = sourcecode.c.h; path = AppDelegate.h; sourceTree = "<group>"; };
		641E4B1620A9ABCB0007EA96 /* AppDelegate.m */ = {isa = PBXFileReference; lastKnownFileType = sourcecode.c.objc; path = AppDelegate.m; sourceTree = "<group>"; };
		641E4B1820A9ABCB0007EA96 /* ViewController.h */ = {isa = PBXFileReference; lastKnownFileType = sourcecode.c.h; path = ViewController.h; sourceTree = "<group>"; };
		641E4B1920A9ABCB0007EA96 /* ViewController.m */ = {isa = PBXFileReference; lastKnownFileType = sourcecode.c.objc; path = ViewController.m; sourceTree = "<group>"; };
		641E4B1C20A9ABCB0007EA96 /* Base */ = {isa = PBXFileReference; lastKnownFileType = file.storyboard; name = Base; path = Base.lproj/Main.storyboard; sourceTree = "<group>"; };
		641E4B1E20A9ABCB0007EA96 /* Assets.xcassets */ = {isa = PBXFileReference; lastKnownFileType = folder.assetcatalog; path = Assets.xcassets; sourceTree = "<group>"; };
		641E4B2120A9ABCB0007EA96 /* Base */ = {isa = PBXFileReference; lastKnownFileType = file.storyboard; name = Base; path = Base.lproj/LaunchScreen.storyboard; sourceTree = "<group>"; };
		641E4B2320A9ABCB0007EA96 /* Info.plist */ = {isa = PBXFileReference; lastKnownFileType = text.plist.xml; path = Info.plist; sourceTree = "<group>"; };
		641E4B2420A9ABCC0007EA96 /* main.m */ = {isa = PBXFileReference; lastKnownFileType = sourcecode.c.objc; path = main.m; sourceTree = "<group>"; };
		641E4B2C20A9AC700007EA96 /* MTIconFontManager.h */ = {isa = PBXFileReference; lastKnownFileType = sourcecode.c.h; path = MTIconFontManager.h; sourceTree = "<group>"; };
		641E4B2D20A9AC700007EA96 /* MTIconFontManager.m */ = {isa = PBXFileReference; lastKnownFileType = sourcecode.c.objc; path = MTIconFontManager.m; sourceTree = "<group>"; };
		641E4B2F20A9B6700007EA96 /* iconfont.ttf */ = {isa = PBXFileReference; lastKnownFileType = file; path = iconfont.ttf; sourceTree = "<group>"; };
		641E4B3120AA6D690007EA96 /* UIImage+MTIconFont.h */ = {isa = PBXFileReference; lastKnownFileType = sourcecode.c.h; path = "UIImage+MTIconFont.h"; sourceTree = "<group>"; };
		641E4B3220AA6D690007EA96 /* UIImage+MTIconFont.m */ = {isa = PBXFileReference; lastKnownFileType = sourcecode.c.objc; path = "UIImage+MTIconFont.m"; sourceTree = "<group>"; };
		641E4B3420AAB17D0007EA96 /* MTIconFont.h */ = {isa = PBXFileReference; lastKnownFileType = sourcecode.c.h; path = MTIconFont.h; sourceTree = "<group>"; };
		641E4B3520AAB1FB0007EA96 /* iconfont.plist */ = {isa = PBXFileReference; lastKnownFileType = text.plist.xml; path = iconfont.plist; sourceTree = "<group>"; };
/* End PBXFileReference section */

/* Begin PBXFrameworksBuildPhase section */
		641E4B0F20A9ABCB0007EA96 /* Frameworks */ = {
			isa = PBXFrameworksBuildPhase;
			buildActionMask = 2147483647;
			files = (
			);
			runOnlyForDeploymentPostprocessing = 0;
		};
/* End PBXFrameworksBuildPhase section */

/* Begin PBXGroup section */
		641E4B0920A9ABCB0007EA96 = {
			isa = PBXGroup;
			children = (
				641E4B1420A9ABCB0007EA96 /* MTIconFont */,
				641E4B1320A9ABCB0007EA96 /* Products */,
			);
			sourceTree = "<group>";
		};
		641E4B1320A9ABCB0007EA96 /* Products */ = {
			isa = PBXGroup;
			children = (
				641E4B1220A9ABCB0007EA96 /* MTIconFont.app */,
			);
			name = Products;
			sourceTree = "<group>";
		};
		641E4B1420A9ABCB0007EA96 /* MTIconFont */ = {
			isa = PBXGroup;
			children = (
				641E4B2F20A9B6700007EA96 /* iconfont.ttf */,
				641E4B3520AAB1FB0007EA96 /* iconfont.plist */,
				641E4B2B20A9AC4E0007EA96 /* MTIconFont */,
				641E4B1520A9ABCB0007EA96 /* AppDelegate.h */,
				641E4B1620A9ABCB0007EA96 /* AppDelegate.m */,
				641E4B1820A9ABCB0007EA96 /* ViewController.h */,
				641E4B1920A9ABCB0007EA96 /* ViewController.m */,
				641E4B1B20A9ABCB0007EA96 /* Main.storyboard */,
				641E4B1E20A9ABCB0007EA96 /* Assets.xcassets */,
				641E4B2020A9ABCB0007EA96 /* LaunchScreen.storyboard */,
				641E4B2320A9ABCB0007EA96 /* Info.plist */,
				641E4B2420A9ABCC0007EA96 /* main.m */,
			);
			path = MTIconFont;
			sourceTree = "<group>";
		};
		641E4B2B20A9AC4E0007EA96 /* MTIconFont */ = {
			isa = PBXGroup;
			children = (
				641E4B3420AAB17D0007EA96 /* MTIconFont.h */,
				641E4B2C20A9AC700007EA96 /* MTIconFontManager.h */,
				641E4B2D20A9AC700007EA96 /* MTIconFontManager.m */,
				641E4B3120AA6D690007EA96 /* UIImage+MTIconFont.h */,
				641E4B3220AA6D690007EA96 /* UIImage+MTIconFont.m */,
			);
			path = MTIconFont;
			sourceTree = "<group>";
		};
/* End PBXGroup section */

/* Begin PBXNativeTarget section */
		641E4B1120A9ABCB0007EA96 /* MTIconFont */ = {
			isa = PBXNativeTarget;
			buildConfigurationList = 641E4B2820A9ABCC0007EA96 /* Build configuration list for PBXNativeTarget "MTIconFont" */;
			buildPhases = (
				641E4B0E20A9ABCB0007EA96 /* Sources */,
				641E4B0F20A9ABCB0007EA96 /* Frameworks */,
				641E4B1020A9ABCB0007EA96 /* Resources */,
			);
			buildRules = (
			);
			dependencies = (
			);
			name = MTIconFont;
			productName = MTIconFont;
			productReference = 641E4B1220A9ABCB0007EA96 /* MTIconFont.app */;
			productType = "com.apple.product-type.application";
		};
/* End PBXNativeTarget section */

/* Begin PBXProject section */
		641E4B0A20A9ABCB0007EA96 /* Project object */ = {
			isa = PBXProject;
			attributes = {
				LastUpgradeCheck = 0930;
				ORGANIZATIONNAME = meitu;
				TargetAttributes = {
					641E4B1120A9ABCB0007EA96 = {
						CreatedOnToolsVersion = 9.3;
					};
				};
			};
			buildConfigurationList = 641E4B0D20A9ABCB0007EA96 /* Build configuration list for PBXProject "MTIconFont" */;
			compatibilityVersion = "Xcode 9.3";
			developmentRegion = en;
			hasScannedForEncodings = 0;
			knownRegions = (
				en,
				Base,
			);
			mainGroup = 641E4B0920A9ABCB0007EA96;
			productRefGroup = 641E4B1320A9ABCB0007EA96 /* Products */;
			projectDirPath = "";
			projectRoot = "";
			targets = (
				641E4B1120A9ABCB0007EA96 /* MTIconFont */,
			);
		};
/* End PBXProject section */

/* Begin PBXResourcesBuildPhase section */
		641E4B1020A9ABCB0007EA96 /* Resources */ = {
			isa = PBXResourcesBuildPhase;
			buildActionMask = 2147483647;
			files = (
				641E4B3020A9B6FF0007EA96 /* iconfont.ttf in Resources */,
				641E4B2220A9ABCB0007EA96 /* LaunchScreen.storyboard in Resources */,
				641E4B1F20A9ABCB0007EA96 /* Assets.xcassets in Resources */,
				641E4B3620AAB1FB0007EA96 /* iconfont.plist in Resources */,
				641E4B1D20A9ABCB0007EA96 /* Main.storyboard in Resources */,
			);
			runOnlyForDeploymentPostprocessing = 0;
		};
/* End PBXResourcesBuildPhase section */

/* Begin PBXSourcesBuildPhase section */
		641E4B0E20A9ABCB0007EA96 /* Sources */ = {
			isa = PBXSourcesBuildPhase;
			buildActionMask = 2147483647;
			files = (
				641E4B1A20A9ABCB0007EA96 /* ViewController.m in Sources */,
				641E4B3320AA6D690007EA96 /* UIImage+MTIconFont.m in Sources */,
				641E4B2520A9ABCC0007EA96 /* main.m in Sources */,
				641E4B2E20A9AC700007EA96 /* MTIconFontManager.m in Sources */,
				641E4B1720A9ABCB0007EA96 /* AppDelegate.m in Sources */,
			);
			runOnlyForDeploymentPostprocessing = 0;
		};
/* End PBXSourcesBuildPhase section */

/* Begin PBXVariantGroup section */
		641E4B1B20A9ABCB0007EA96 /* Main.storyboard */ = {
			isa = PBXVariantGroup;
			children = (
				641E4B1C20A9ABCB0007EA96 /* Base */,
			);
			name = Main.storyboard;
			sourceTree = "<group>";
		};
		641E4B2020A9ABCB0007EA96 /* LaunchScreen.storyboard */ = {
			isa = PBXVariantGroup;
			children = (
				641E4B2120A9ABCB0007EA96 /* Base */,
			);
			name = LaunchScreen.storyboard;
			sourceTree = "<group>";
		};
/* End PBXVariantGroup section */

/* Begin XCBuildConfiguration section */
		641E4B2620A9ABCC0007EA96 /* Debug */ = {
			isa = XCBuildConfiguration;
			buildSettings = {
				ALWAYS_SEARCH_USER_PATHS = NO;
				CLANG_ANALYZER_NONNULL = YES;
				CLANG_ANALYZER_NUMBER_OBJECT_CONVERSION = YES_AGGRESSIVE;
				CLANG_CXX_LANGUAGE_STANDARD = "gnu++14";
				CLANG_CXX_LIBRARY = "libc++";
				CLANG_ENABLE_MODULES = YES;
				CLANG_ENABLE_OBJC_ARC = YES;
				CLANG_ENABLE_OBJC_WEAK = YES;
				CLANG_WARN_BLOCK_CAPTURE_AUTORELEASING = YES;
				CLANG_WARN_BOOL_CONVERSION = YES;
				CLANG_WARN_COMMA = YES;
				CLANG_WARN_CONSTANT_CONVERSION = YES;
				CLANG_WARN_DEPRECATED_OBJC_IMPLEMENTATIONS = YES;
				CLANG_WARN_DIRECT_OBJC_ISA_USAGE = YES_ERROR;
				CLANG_WARN_DOCUMENTATION_COMMENTS = YES;
				CLANG_WARN_EMPTY_BODY = YES;
				CLANG_WARN_ENUM_CONVERSION = YES;
				CLANG_WARN_INFINITE_RECURSION = YES;
				CLANG_WARN_INT_CONVERSION = YES;
				CLANG_WARN_NON_LITERAL_NULL_CONVERSION = YES;
				CLANG_WARN_OBJC_IMPLICIT_RETAIN_SELF = YES;
				CLANG_WARN_OBJC_LITERAL_CONVERSION = YES;
				CLANG_WARN_OBJC_ROOT_CLASS = YES_ERROR;
				CLANG_WARN_RANGE_LOOP_ANALYSIS = YES;
				CLANG_WARN_STRICT_PROTOTYPES = YES;
				CLANG_WARN_SUSPICIOUS_MOVE = YES;
				CLANG_WARN_UNGUARDED_AVAILABILITY = YES_AGGRESSIVE;
				CLANG_WARN_UNREACHABLE_CODE = YES;
				CLANG_WARN__DUPLICATE_METHOD_MATCH = YES;
				CODE_SIGN_IDENTITY = "iPhone Developer";
				COPY_PHASE_STRIP = NO;
				DEBUG_INFORMATION_FORMAT = dwarf;
				ENABLE_STRICT_OBJC_MSGSEND = YES;
				ENABLE_TESTABILITY = YES;
				GCC_C_LANGUAGE_STANDARD = gnu11;
				GCC_DYNAMIC_NO_PIC = NO;
				GCC_NO_COMMON_BLOCKS = YES;
				GCC_OPTIMIZATION_LEVEL = 0;
				GCC_PREPROCESSOR_DEFINITIONS = (
					"DEBUG=1",
					"$(inherited)",
				);
				GCC_WARN_64_TO_32_BIT_CONVERSION = YES;
				GCC_WARN_ABOUT_RETURN_TYPE = YES_ERROR;
				GCC_WARN_UNDECLARED_SELECTOR = YES;
				GCC_WARN_UNINITIALIZED_AUTOS = YES_AGGRESSIVE;
				GCC_WARN_UNUSED_FUNCTION = YES;
				GCC_WARN_UNUSED_VARIABLE = YES;
				IPHONEOS_DEPLOYMENT_TARGET = 11.3;
				MTL_ENABLE_DEBUG_INFO = YES;
				ONLY_ACTIVE_ARCH = YES;
				SDKROOT = iphoneos;
			};
			name = Debug;
		};
		641E4B2720A9ABCC0007EA96 /* Release */ = {
			isa = XCBuildConfiguration;
			buildSettings = {
				ALWAYS_SEARCH_USER_PATHS = NO;
				CLANG_ANALYZER_NONNULL = YES;
				CLANG_ANALYZER_NUMBER_OBJECT_CONVERSION = YES_AGGRESSIVE;
				CLANG_CXX_LANGUAGE_STANDARD = "gnu++14";
				CLANG_CXX_LIBRARY = "libc++";
				CLANG_ENABLE_MODULES = YES;
				CLANG_ENABLE_OBJC_ARC = YES;
				CLANG_ENABLE_OBJC_WEAK = YES;
				CLANG_WARN_BLOCK_CAPTURE_AUTORELEASING = YES;
				CLANG_WARN_BOOL_CONVERSION = YES;
				CLANG_WARN_COMMA = YES;
				CLANG_WARN_CONSTANT_CONVERSION = YES;
				CLANG_WARN_DEPRECATED_OBJC_IMPLEMENTATIONS = YES;
				CLANG_WARN_DIRECT_OBJC_ISA_USAGE = YES_ERROR;
				CLANG_WARN_DOCUMENTATION_COMMENTS = YES;
				CLANG_WARN_EMPTY_BODY = YES;
				CLANG_WARN_ENUM_CONVERSION = YES;
				CLANG_WARN_INFINITE_RECURSION = YES;
				CLANG_WARN_INT_CONVERSION = YES;
				CLANG_WARN_NON_LITERAL_NULL_CONVERSION = YES;
				CLANG_WARN_OBJC_IMPLICIT_RETAIN_SELF = YES;
				CLANG_WARN_OBJC_LITERAL_CONVERSION = YES;
				CLANG_WARN_OBJC_ROOT_CLASS = YES_ERROR;
				CLANG_WARN_RANGE_LOOP_ANALYSIS = YES;
				CLANG_WARN_STRICT_PROTOTYPES = YES;
				CLANG_WARN_SUSPICIOUS_MOVE = YES;
				CLANG_WARN_UNGUARDED_AVAILABILITY = YES_AGGRESSIVE;
				CLANG_WARN_UNREACHABLE_CODE = YES;
				CLANG_WARN__DUPLICATE_METHOD_MATCH = YES;
				CODE_SIGN_IDENTITY = "iPhone Developer";
				COPY_PHASE_STRIP = NO;
				DEBUG_INFORMATION_FORMAT = "dwarf-with-dsym";
				ENABLE_NS_ASSERTIONS = NO;
				ENABLE_STRICT_OBJC_MSGSEND = YES;
				GCC_C_LANGUAGE_STANDARD = gnu11;
				GCC_NO_COMMON_BLOCKS = YES;
				GCC_WARN_64_TO_32_BIT_CONVERSION = YES;
				GCC_WARN_ABOUT_RETURN_TYPE = YES_ERROR;
				GCC_WARN_UNDECLARED_SELECTOR = YES;
				GCC_WARN_UNINITIALIZED_AUTOS = YES_AGGRESSIVE;
				GCC_WARN_UNUSED_FUNCTION = YES;
				GCC_WARN_UNUSED_VARIABLE = YES;
				IPHONEOS_DEPLOYMENT_TARGET = 11.3;
				MTL_ENABLE_DEBUG_INFO = NO;
				SDKROOT = iphoneos;
				VALIDATE_PRODUCT = YES;
			};
			name = Release;
		};
		641E4B2920A9ABCC0007EA96 /* Debug */ = {
			isa = XCBuildConfiguration;
			buildSettings = {
				ASSETCATALOG_COMPILER_APPICON_NAME = AppIcon;
				CODE_SIGN_STYLE = Automatic;
				DEVELOPMENT_TEAM = 53HAR28V3A;
				INFOPLIST_FILE = MTIconFont/Info.plist;
				LD_RUNPATH_SEARCH_PATHS = (
					"$(inherited)",
					"@executable_path/Frameworks",
				);
				PRODUCT_BUNDLE_IDENTIFIER = com.meitu.MTIconFont;
				PRODUCT_NAME = "$(TARGET_NAME)";
				TARGETED_DEVICE_FAMILY = "1,2";
			};
			name = Debug;
		};
		641E4B2A20A9ABCC0007EA96 /* Release */ = {
			isa = XCBuildConfiguration;
			buildSettings = {
				ASSETCATALOG_COMPILER_APPICON_NAME = AppIcon;
				CODE_SIGN_STYLE = Automatic;
				DEVELOPMENT_TEAM = 53HAR28V3A;
				INFOPLIST_FILE = MTIconFont/Info.plist;
				LD_RUNPATH_SEARCH_PATHS = (
					"$(inherited)",
					"@executable_path/Frameworks",
				);
				PRODUCT_BUNDLE_IDENTIFIER = com.meitu.MTIconFont;
				PRODUCT_NAME = "$(TARGET_NAME)";
				TARGETED_DEVICE_FAMILY = "1,2";
			};
			name = Release;
		};
/* End XCBuildConfiguration section */

/* Begin XCConfigurationList section */
		641E4B0D20A9ABCB0007EA96 /* Build configuration list for PBXProject "MTIconFont" */ = {
			isa = XCConfigurationList;
			buildConfigurations = (
				641E4B2620A9ABCC0007EA96 /* Debug */,
				641E4B2720A9ABCC0007EA96 /* Release */,
			);
			defaultConfigurationIsVisible = 0;
			defaultConfigurationName = Release;
		};
		641E4B2820A9ABCC0007EA96 /* Build configuration list for PBXNativeTarget "MTIconFont" */ = {
			isa = XCConfigurationList;
			buildConfigurations = (
				641E4B2920A9ABCC0007EA96 /* Debug */,
				641E4B2A20A9ABCC0007EA96 /* Release */,
			);
			defaultConfigurationIsVisible = 0;
			defaultConfigurationName = Release;
		};
/* End XCConfigurationList section */
	};
	rootObject = 641E4B0A20A9ABCB0007EA96 /* Project object */;
}
